
Microsoft Visual Studio Solution File, Format Version 12.00
# Visual Studio Version 17
VisualStudioVersion = 17.3.32901.215
MinimumVisualStudioVersion = 10.0.40219.1
Project("{9A19103F-16F7-4668-BE54-9A1E7A4F7556}") = "1、异步", "1、异步\1、异步.csproj", "{3486CA65-6CC0-47F4-AD16-E7A25DEE76BE}"
EndProject
Project("{9A19103F-16F7-4668-BE54-9A1E7A4F7556}") = "2、async、await背后的原理", "2、async、await背后的原理\2、async、await背后的原理.csproj", "{2F12D4CA-F33A-4866-A808-B0CF16799456}"
EndProject
Project("{FAE04EC0-301F-11D3-BF4B-00C04F79EFBC}") = "3、线程池和异步", "3、线程池和异步\3、线程池和异步.csproj", "{C37D5A79-2630-462E-B140-AC254FD2A16D}"
EndProject
Global
	GlobalSection(SolutionConfigurationPlatforms) = preSolution
		Debug|Any CPU = Debug|Any CPU
		Release|Any CPU = Release|Any CPU
	EndGlobalSection
	GlobalSection(ProjectConfigurationPlatforms) = postSolution
		{3486CA65-6CC0-47F4-AD16-E7A25DEE76BE}.Debug|Any CPU.ActiveCfg = Debug|Any CPU
		{3486CA65-6CC0-47F4-AD16-E7A25DEE76BE}.Debug|Any CPU.Build.0 = Debug|Any CPU
		{3486CA65-6CC0-47F4-AD16-E7A25DEE76BE}.Release|Any CPU.ActiveCfg = Release|Any CPU
		{3486CA65-6CC0-47F4-AD16-E7A25DEE76BE}.Release|Any CPU.Build.0 = Release|Any CPU
		{2F12D4CA-F33A-4866-A808-B0CF16799456}.Debug|Any CPU.ActiveCfg = Debug|Any CPU
		{2F12D4CA-F33A-4866-A808-B0CF16799456}.Debug|Any CPU.Build.0 = Debug|Any CPU
		{2F12D4CA-F33A-4866-A808-B0CF16799456}.Release|Any CPU.ActiveCfg = Release|Any CPU
		{2F12D4CA-F33A-4866-A808-B0CF16799456}.Release|Any CPU.Build.0 = Release|Any CPU
		{C37D5A79-2630-462E-B140-AC254FD2A16D}.Debug|Any CPU.ActiveCfg = Debug|Any CPU
		{C37D5A79-2630-462E-B140-AC254FD2A16D}.Debug|Any CPU.Build.0 = Debug|Any CPU
		{C37D5A79-2630-462E-B140-AC254FD2A16D}.Release|Any CPU.ActiveCfg = Release|Any CPU
		{C37D5A79-2630-462E-B140-AC254FD2A16D}.Release|Any CPU.Build.0 = Release|Any CPU
	EndGlobalSection
	GlobalSection(SolutionProperties) = preSolution
		HideSolutionNode = FALSE
	EndGlobalSection
	GlobalSection(ExtensibilityGlobals) = postSolution
		SolutionGuid = {DFED42E4-813B-4E40-8161-C1BD8BF7581C}
	EndGlobalSection
EndGlobal
